github.com/buger/goterm v0.0.0-20180423150900-6d19e6a8df12 h1:aZVdiV35VTHoMJnL2GcJFxuedXBJUJx5YRw1sif1XN4=
github.com/buger/goterm v0.0.0-20180423150900-6d19e6a8df12/go.mod h1:u9UyCz2eTrSGy6fbupqJ54eY5c4IC8gREQ1053dK12U=
github.com/go-gl/gl v0.0.0-20181026044259-55b76b7df9d2 h1:78Hza2KHn2PX1jdydQnffaU2A/xM0g3Nx1xmMdep9Gk=
github.com/go-gl/gl v0.0.0-20181026044259-55b76b7df9d2/go.mod h1:482civXOzJJCPzJ4ZOX/pwvXBWSnzD4OKMdH4ClKGbk=
github.com/go-gl/glfw v0.0.0-20181014061658-691ee1b84c51 h1:elGSwayRx7uAsfA5PnVKeTHh+AVsUTmas0CkHOw/DSk=
github.com/go-gl/glfw v0.0.0-20181014061658-691ee1b84c51/go.mod h1:vR7hzQXu2zJy9AVAgeJqvqgH9Q5CA+iKCZ2gyEVpxRU=
golang.org/x/sys v0.0.0-20181026203630-95b1ffbd15a5 h1:x6r4Jo0KNzOOzYd8lbcRsqjuqEASK6ob3auvWYM4/8U=
golang.org/x/sys v0.0.0-20181026203630-95b1ffbd15a5/go.mod h1:STP8DvDyc/dI5b8T5hshtkjS+E42TnysNCUPdjciGhY=
